
Microsoft Visual Studio Solution File, Format Version 12.00
# Visual Studio Version 16
VisualStudioVersion = 16.0.31229.75
MinimumVisualStudioVersion = 10.0.40219.1
Project("{FAE04EC0-301F-11D3-BF4B-00C04F79EFBC}") = "1.Discriminant", "1.Discriminant\1.Discriminant.csproj", "{B0124860-4189-483E-B619-66B54CB14862}"
EndProject
Global
	GlobalSection(SolutionConfigurationPlatforms) = preSolution
		Debug|Any CPU = Debug|Any CPU
		Release|Any CPU = Release|Any CPU
	EndGlobalSection
	GlobalSection(ProjectConfigurationPlatforms) = postSolution
		{B0124860-4189-483E-B619-66B54CB14862}.Debug|Any CPU.ActiveCfg = Debug|Any CPU
		{B0124860-4189-483E-B619-66B54CB14862}.Debug|Any CPU.Build.0 = Debug|Any CPU
		{B0124860-4189-483E-B619-66B54CB14862}.Release|Any CPU.ActiveCfg = Release|Any CPU
		{B0124860-4189-483E-B619-66B54CB14862}.Release|Any CPU.Build.0 = Release|Any CPU
	EndGlobalSection
	GlobalSection(SolutionProperties) = preSolution
		HideSolutionNode = FALSE
	EndGlobalSection
	GlobalSection(ExtensibilityGlobals) = postSolution
		SolutionGuid = {8468848A-CA8F-4C19-8BC3-A4FA4FBF1B41}
	EndGlobalSection
EndGlobal
